
Microsoft Visual Studio Solution File, Format Version 12.00
# Visual Studio Version 17
VisualStudioVersion = 17.1.32328.378
MinimumVisualStudioVersion = 10.0.40219.1
Project("{FAE04EC0-301F-11D3-BF4B-00C04F79EFBC}") = "Lehava.Tasks2.Core", "Lehava.Tasks2.Core\Lehava.Tasks2.Core.csproj", "{6915C26F-366B-4A8B-B32C-8D4249BEC2AF}"
EndProject
Project("{FAE04EC0-301F-11D3-BF4B-00C04F79EFBC}") = "Lehava.Tasks2.UI", "Lehava.Tasks2.UI\Lehava.Tasks2.UI.csproj", "{A58704EA-E945-4777-8CCE-DA76A18097E2}"
EndProject
Global
	GlobalSection(SolutionConfigurationPlatforms) = preSolution
		Debug|Any CPU = Debug|Any CPU
		Release|Any CPU = Release|Any CPU
	EndGlobalSection
	GlobalSection(ProjectConfigurationPlatforms) = postSolution
		{6915C26F-366B-4A8B-B32C-8D4249BEC2AF}.Debug|Any CPU.ActiveCfg = Debug|Any CPU
		{6915C26F-366B-4A8B-B32C-8D4249BEC2AF}.Debug|Any CPU.Build.0 = Debug|Any CPU
		{6915C26F-366B-4A8B-B32C-8D4249BEC2AF}.Release|Any CPU.ActiveCfg = Release|Any CPU
		{6915C26F-366B-4A8B-B32C-8D4249BEC2AF}.Release|Any CPU.Build.0 = Release|Any CPU
		{A58704EA-E945-4777-8CCE-DA76A18097E2}.Debug|Any CPU.ActiveCfg = Debug|Any CPU
		{A58704EA-E945-4777-8CCE-DA76A18097E2}.Debug|Any CPU.Build.0 = Debug|Any CPU
		{A58704EA-E945-4777-8CCE-DA76A18097E2}.Release|Any CPU.ActiveCfg = Release|Any CPU
		{A58704EA-E945-4777-8CCE-DA76A18097E2}.Release|Any CPU.Build.0 = Release|Any CPU
	EndGlobalSection
	GlobalSection(SolutionProperties) = preSolution
		HideSolutionNode = FALSE
	EndGlobalSection
	GlobalSection(ExtensibilityGlobals) = postSolution
		SolutionGuid = {95A01772-392A-43C3-8605-550202053BDF}
	EndGlobalSection
EndGlobal
